version = 1
revision = 3
requires-python = ">=3.13, <4.0"
resolution-markers = [
    "python_full_version >= '3.14' and platform_python_implementation != 'PyPy'",
    "python_full_version < '3.14' and platform_python_implementation != 'PyPy'",
    "python_full_version >= '3.14' and platform_python_implementation == 'PyPy'",
    "python_full_version < '3.14' and platform_python_implementation == 'PyPy'",
]

[[package]]
name = "agent-github"
version = "0.1.0"
source = { virtual = "." }
