dependencies:
- name: supervisor-agent
  repository: ""
  version: 0.2.4
- name: agent
  repository: ""
  version: 0.4.2
- name: agent
  repository: ""
  version: 0.4.2
- name: agent
  repository: ""
  version: 0.4.2
- name: agent
  repository: ""
  version: 0.4.2
- name: agent
  repository: ""
  version: 0.4.2
- name: agent
  repository: ""
  version: 0.4.2
- name: agent
  repository: ""
  version: 0.4.2
- name: agent
  repository: ""
  version: 0.4.2
- name: agent
  repository: ""
  version: 0.4.2
- name: agent
  repository: ""
  version: 0.4.2
- name: agent
  repository: ""
  version: 0.4.2
- name: slim
  repository: oci://ghcr.io/agntcy/slim/helm
  version: v0.1.8
- name: slim-control-plane
  repository: oci://ghcr.io/agntcy/slim/helm
  version: v0.1.3
- name: rag-stack
  repository: file://../rag-stack
  version: 0.0.7
- name: backstage-plugin-agent-forge
  repository: ""
  version: 0.1.0
digest: sha256:425c8dc855c7fc66800c9fa887245e864847f2ac4d07717a6d86d6089a470471
generated: "2026-01-07T17:16:00.582039Z"
